{
  "name": "karen-transliterator",
  "version": "1.0.0",
  "lockfileVersion": 3,
  "requires": true,
  "packages": {
    "": {
      "name": "karen-transliterator",
      "version": "1.0.0",
      "license": "MIT",
      "dependencies": {
        "karen-transliterator": "file:"
      }
    },
    "node_modules/karen-transliterator": {
      "resolved": "",
      "link": true
    }
  }
}
